
Microsoft Visual Studio Solution File, Format Version 12.00
# Visual Studio 14
VisualStudioVersion = 14.0.25420.1
MinimumVisualStudioVersion = 10.0.40219.1
Project("{8BC9CEB8-8B4A-11D0-8D11-00A0C91BC942}") = "lugaru", "lugaru\lugaru.vcxproj", "{9F9CA101-088C-46BF-BF27-2A10D239A92E}"
EndProject
Project("{8BC9CEB8-8B4A-11D0-8D11-00A0C91BC942}") = "libopenal", "libopenal\libopenal.vcxproj", "{897C5FC6-9EF7-4EE9-BAF8-BDACA2827BC1}"
EndProject
Project("{8BC9CEB8-8B4A-11D0-8D11-00A0C91BC942}") = "libvorbis", "libvorbis\libvorbis.vcxproj", "{683D1B47-138B-4575-9DEC-27A74F4B7615}"
EndProject
Project("{8BC9CEB8-8B4A-11D0-8D11-00A0C91BC942}") = "libvorbisfile", "libvorbisfile\libvorbisfile.vcxproj", "{2EB153F6-1DBA-4CF8-8F9D-BE3DB30C7F26}"
EndProject
Project("{8BC9CEB8-8B4A-11D0-8D11-00A0C91BC942}") = "SDL2", "SDL2\SDL2.vcxproj", "{AC35D4B2-8AFD-4C45-AFF7-423BD2EF6107}"
EndProject
Project("{8BC9CEB8-8B4A-11D0-8D11-00A0C91BC942}") = "libjpeg", "libjpeg\libjpeg.vcxproj", "{5E1D4E5F-E10C-4BA3-B663-F33014FD21D9}"
EndProject
Project("{8BC9CEB8-8B4A-11D0-8D11-00A0C91BC942}") = "libjsoncpp", "libjsoncpp\libjsoncpp.vcxproj", "{E88433BB-496B-4EFB-AF76-369DB3275264}"
EndProject
Project("{8BC9CEB8-8B4A-11D0-8D11-00A0C91BC942}") = "libogg", "libogg\libogg.vcxproj", "{7812A865-7504-4BEE-9613-F4141B5E6313}"
EndProject
Project("{8BC9CEB8-8B4A-11D0-8D11-00A0C91BC942}") = "libpng", "libpng\libpng.vcxproj", "{9FA093F1-A096-447A-979A-B9E9D808C82C}"
EndProject
Project("{8BC9CEB8-8B4A-11D0-8D11-00A0C91BC942}") = "libzlib", "libzlib\libzlib.vcxproj", "{3EDA72B4-0BF1-4D04-ADE4-B6ED77CDB985}"
EndProject
Project("{8BC9CEB8-8B4A-11D0-8D11-00A0C91BC942}") = "SDL2main", "SDL2main\SDL2main.vcxproj", "{2FA30E73-C767-46EC-BD23-EC3AE3F92ABC}"
EndProject
Project("{8BC9CEB8-8B4A-11D0-8D11-00A0C91BC942}") = "libfreeglut", "libfreeglut\libfreeglut.vcxproj", "{AD2A9583-A590-4474-B5F8-D2D0754F8C25}"
EndProject
Global
	GlobalSection(SolutionConfigurationPlatforms) = preSolution
		Debug|x64 = Debug|x64
		Debug|x86 = Debug|x86
		Release|x64 = Release|x64
		Release|x86 = Release|x86
	EndGlobalSection
	GlobalSection(ProjectConfigurationPlatforms) = postSolution
		{9F9CA101-088C-46BF-BF27-2A10D239A92E}.Debug|x64.ActiveCfg = Debug|x64
		{9F9CA101-088C-46BF-BF27-2A10D239A92E}.Debug|x64.Build.0 = Debug|x64
		{9F9CA101-088C-46BF-BF27-2A10D239A92E}.Debug|x86.ActiveCfg = Debug|Win32
		{9F9CA101-088C-46BF-BF27-2A10D239A92E}.Debug|x86.Build.0 = Debug|Win32
		{9F9CA101-088C-46BF-BF27-2A10D239A92E}.Release|x64.ActiveCfg = Release|x64
		{9F9CA101-088C-46BF-BF27-2A10D239A92E}.Release|x64.Build.0 = Release|x64
		{9F9CA101-088C-46BF-BF27-2A10D239A92E}.Release|x86.ActiveCfg = Release|Win32
		{9F9CA101-088C-46BF-BF27-2A10D239A92E}.Release|x86.Build.0 = Release|Win32
		{897C5FC6-9EF7-4EE9-BAF8-BDACA2827BC1}.Debug|x64.ActiveCfg = Debug|x64
		{897C5FC6-9EF7-4EE9-BAF8-BDACA2827BC1}.Debug|x64.Build.0 = Debug|x64
		{897C5FC6-9EF7-4EE9-BAF8-BDACA2827BC1}.Debug|x86.ActiveCfg = Debug|Win32
		{897C5FC6-9EF7-4EE9-BAF8-BDACA2827BC1}.Debug|x86.Build.0 = Debug|Win32
		{897C5FC6-9EF7-4EE9-BAF8-BDACA2827BC1}.Release|x64.ActiveCfg = Release|x64
		{897C5FC6-9EF7-4EE9-BAF8-BDACA2827BC1}.Release|x64.Build.0 = Release|x64
		{897C5FC6-9EF7-4EE9-BAF8-BDACA2827BC1}.Release|x86.ActiveCfg = Release|Win32
		{897C5FC6-9EF7-4EE9-BAF8-BDACA2827BC1}.Release|x86.Build.0 = Release|Win32
		{683D1B47-138B-4575-9DEC-27A74F4B7615}.Debug|x64.ActiveCfg = Debug|x64
		{683D1B47-138B-4575-9DEC-27A74F4B7615}.Debug|x64.Build.0 = Debug|x64
		{683D1B47-138B-4575-9DEC-27A74F4B7615}.Debug|x86.ActiveCfg = Debug|Win32
		{683D1B47-138B-4575-9DEC-27A74F4B7615}.Debug|x86.Build.0 = Debug|Win32
		{683D1B47-138B-4575-9DEC-27A74F4B7615}.Release|x64.ActiveCfg = Release|x64
		{683D1B47-138B-4575-9DEC-27A74F4B7615}.Release|x64.Build.0 = Release|x64
		{683D1B47-138B-4575-9DEC-27A74F4B7615}.Release|x86.ActiveCfg = Release|Win32
		{683D1B47-138B-4575-9DEC-27A74F4B7615}.Release|x86.Build.0 = Release|Win32
		{2EB153F6-1DBA-4CF8-8F9D-BE3DB30C7F26}.Debug|x64.ActiveCfg = Debug|x64
		{2EB153F6-1DBA-4CF8-8F9D-BE3DB30C7F26}.Debug|x64.Build.0 = Debug|x64
		{2EB153F6-1DBA-4CF8-8F9D-BE3DB30C7F26}.Debug|x86.ActiveCfg = Debug|Win32
		{2EB153F6-1DBA-4CF8-8F9D-BE3DB30C7F26}.Debug|x86.Build.0 = Debug|Win32
		{2EB153F6-1DBA-4CF8-8F9D-BE3DB30C7F26}.Release|x64.ActiveCfg = Release|x64
		{2EB153F6-1DBA-4CF8-8F9D-BE3DB30C7F26}.Release|x64.Build.0 = Release|x64
		{2EB153F6-1DBA-4CF8-8F9D-BE3DB30C7F26}.Release|x86.ActiveCfg = Release|Win32
		{2EB153F6-1DBA-4CF8-8F9D-BE3DB30C7F26}.Release|x86.Build.0 = Release|Win32
		{AC35D4B2-8AFD-4C45-AFF7-423BD2EF6107}.Debug|x64.ActiveCfg = Debug|x64
		{AC35D4B2-8AFD-4C45-AFF7-423BD2EF6107}.Debug|x64.Build.0 = Debug|x64
		{AC35D4B2-8AFD-4C45-AFF7-423BD2EF6107}.Debug|x86.ActiveCfg = Debug|Win32
		{AC35D4B2-8AFD-4C45-AFF7-423BD2EF6107}.Debug|x86.Build.0 = Debug|Win32
		{AC35D4B2-8AFD-4C45-AFF7-423BD2EF6107}.Release|x64.ActiveCfg = Release|x64
		{AC35D4B2-8AFD-4C45-AFF7-423BD2EF6107}.Release|x64.Build.0 = Release|x64
		{AC35D4B2-8AFD-4C45-AFF7-423BD2EF6107}.Release|x86.ActiveCfg = Release|Win32
		{AC35D4B2-8AFD-4C45-AFF7-423BD2EF6107}.Release|x86.Build.0 = Release|Win32
		{5E1D4E5F-E10C-4BA3-B663-F33014FD21D9}.Debug|x64.ActiveCfg = Debug|x64
		{5E1D4E5F-E10C-4BA3-B663-F33014FD21D9}.Debug|x64.Build.0 = Debug|x64
		{5E1D4E5F-E10C-4BA3-B663-F33014FD21D9}.Debug|x86.ActiveCfg = Debug|Win32
		{5E1D4E5F-E10C-4BA3-B663-F33014FD21D9}.Debug|x86.Build.0 = Debug|Win32
		{5E1D4E5F-E10C-4BA3-B663-F33014FD21D9}.Release|x64.ActiveCfg = Release|x64
		{5E1D4E5F-E10C-4BA3-B663-F33014FD21D9}.Release|x64.Build.0 = Release|x64
		{5E1D4E5F-E10C-4BA3-B663-F33014FD21D9}.Release|x86.ActiveCfg = Release|Win32
		{5E1D4E5F-E10C-4BA3-B663-F33014FD21D9}.Release|x86.Build.0 = Release|Win32
		{E88433BB-496B-4EFB-AF76-369DB3275264}.Debug|x64.ActiveCfg = Debug|x64
		{E88433BB-496B-4EFB-AF76-369DB3275264}.Debug|x64.Build.0 = Debug|x64
		{E88433BB-496B-4EFB-AF76-369DB3275264}.Debug|x86.ActiveCfg = Debug|Win32
		{E88433BB-496B-4EFB-AF76-369DB3275264}.Debug|x86.Build.0 = Debug|Win32
		{E88433BB-496B-4EFB-AF76-369DB3275264}.Release|x64.ActiveCfg = Release|x64
		{E88433BB-496B-4EFB-AF76-369DB3275264}.Release|x64.Build.0 = Release|x64
		{E88433BB-496B-4EFB-AF76-369DB3275264}.Release|x86.ActiveCfg = Release|Win32
		{E88433BB-496B-4EFB-AF76-369DB3275264}.Release|x86.Build.0 = Release|Win32
		{7812A865-7504-4BEE-9613-F4141B5E6313}.Debug|x64.ActiveCfg = Debug|x64
		{7812A865-7504-4BEE-9613-F4141B5E6313}.Debug|x64.Build.0 = Debug|x64
		{7812A865-7504-4BEE-9613-F4141B5E6313}.Debug|x86.ActiveCfg = Debug|Win32
		{7812A865-7504-4BEE-9613-F4141B5E6313}.Debug|x86.Build.0 = Debug|Win32
		{7812A865-7504-4BEE-9613-F4141B5E6313}.Release|x64.ActiveCfg = Release|x64
		{7812A865-7504-4BEE-9613-F4141B5E6313}.Release|x64.Build.0 = Release|x64
		{7812A865-7504-4BEE-9613-F4141B5E6313}.Release|x86.ActiveCfg = Release|Win32
		{7812A865-7504-4BEE-9613-F4141B5E6313}.Release|x86.Build.0 = Release|Win32
		{9FA093F1-A096-447A-979A-B9E9D808C82C}.Debug|x64.ActiveCfg = Debug|x64
		{9FA093F1-A096-447A-979A-B9E9D808C82C}.Debug|x64.Build.0 = Debug|x64
		{9FA093F1-A096-447A-979A-B9E9D808C82C}.Debug|x86.ActiveCfg = Debug|Win32
		{9FA093F1-A096-447A-979A-B9E9D808C82C}.Debug|x86.Build.0 = Debug|Win32
		{9FA093F1-A096-447A-979A-B9E9D808C82C}.Release|x64.ActiveCfg = Release|x64
		{9FA093F1-A096-447A-979A-B9E9D808C82C}.Release|x64.Build.0 = Release|x64
		{9FA093F1-A096-447A-979A-B9E9D808C82C}.Release|x86.ActiveCfg = Release|Win32
		{9FA093F1-A096-447A-979A-B9E9D808C82C}.Release|x86.Build.0 = Release|Win32
		{3EDA72B4-0BF1-4D04-ADE4-B6ED77CDB985}.Debug|x64.ActiveCfg = Debug|x64
		{3EDA72B4-0BF1-4D04-ADE4-B6ED77CDB985}.Debug|x64.Build.0 = Debug|x64
		{3EDA72B4-0BF1-4D04-ADE4-B6ED77CDB985}.Debug|x86.ActiveCfg = Debug|Win32
		{3EDA72B4-0BF1-4D04-ADE4-B6ED77CDB985}.Debug|x86.Build.0 = Debug|Win32
		{3EDA72B4-0BF1-4D04-ADE4-B6ED77CDB985}.Release|x64.ActiveCfg = Release|x64
		{3EDA72B4-0BF1-4D04-ADE4-B6ED77CDB985}.Release|x64.Build.0 = Release|x64
		{3EDA72B4-0BF1-4D04-ADE4-B6ED77CDB985}.Release|x86.ActiveCfg = Release|Win32
		{3EDA72B4-0BF1-4D04-ADE4-B6ED77CDB985}.Release|x86.Build.0 = Release|Win32
		{2FA30E73-C767-46EC-BD23-EC3AE3F92ABC}.Debug|x64.ActiveCfg = Debug|x64
		{2FA30E73-C767-46EC-BD23-EC3AE3F92ABC}.Debug|x64.Build.0 = Debug|x64
		{2FA30E73-C767-46EC-BD23-EC3AE3F92ABC}.Debug|x86.ActiveCfg = Debug|Win32
		{2FA30E73-C767-46EC-BD23-EC3AE3F92ABC}.Debug|x86.Build.0 = Debug|Win32
		{2FA30E73-C767-46EC-BD23-EC3AE3F92ABC}.Release|x64.ActiveCfg = Release|x64
		{2FA30E73-C767-46EC-BD23-EC3AE3F92ABC}.Release|x64.Build.0 = Release|x64
		{2FA30E73-C767-46EC-BD23-EC3AE3F92ABC}.Release|x86.ActiveCfg = Release|Win32
		{2FA30E73-C767-46EC-BD23-EC3AE3F92ABC}.Release|x86.Build.0 = Release|Win32
		{AD2A9583-A590-4474-B5F8-D2D0754F8C25}.Debug|x64.ActiveCfg = Debug|x64
		{AD2A9583-A590-4474-B5F8-D2D0754F8C25}.Debug|x64.Build.0 = Debug|x64
		{AD2A9583-A590-4474-B5F8-D2D0754F8C25}.Debug|x86.ActiveCfg = Debug|Win32
		{AD2A9583-A590-4474-B5F8-D2D0754F8C25}.Debug|x86.Build.0 = Debug|Win32
		{AD2A9583-A590-4474-B5F8-D2D0754F8C25}.Release|x64.ActiveCfg = Release|x64
		{AD2A9583-A590-4474-B5F8-D2D0754F8C25}.Release|x64.Build.0 = Release|x64
		{AD2A9583-A590-4474-B5F8-D2D0754F8C25}.Release|x86.ActiveCfg = Release|Win32
		{AD2A9583-A590-4474-B5F8-D2D0754F8C25}.Release|x86.Build.0 = Release|Win32
	EndGlobalSection
	GlobalSection(SolutionProperties) = preSolution
		HideSolutionNode = FALSE
	EndGlobalSection
EndGlobal
